PODS:
  - device_info (0.0.1):
    - Flutter
  - Flutter (1.0.0)
  - FMDB/SQLCipher (2.7.5):
    - SQLCipher
  - geolocator_apple (1.2.0):
    - Flutter
  - location_ios (0.0.1):
    - Flutter
    - SwiftLocation/Core (= 5.1.0)
  - ObjectBox (1.8.1)
  - objectbox_flutter_libs (0.0.1):
    - Flutter
    - ObjectBox (= 1.8.1)
  - package_info_plus (0.4.5):
    - Flutter
  - path_provider_foundation (0.0.1):
    - Flutter
    - FlutterMacOS
  - permission_handler_apple (9.1.0):
    - Flutter
  - platform_device_id (0.0.1):
    - Flutter
  - shared_preferences_foundation (0.0.1):
    - Flutter
    - FlutterMacOS
  - sqflite_sqlcipher (0.0.1):
    - Flutter
    - FMDB/SQLCipher (~> 2.7.5)
    - SQLCipher (= 4.4.2)
  - SQLCipher (4.4.2):
    - SQLCipher/standard (= 4.4.2)
  - SQLCipher/common (4.4.2)
  - SQLCipher/standard (4.4.2):
    - SQLCipher/common
  - SwiftLocation/Core (5.1.0)
  - url_launcher_ios (0.0.1):
    - Flutter

DEPENDENCIES:
  - device_info (from `.symlinks/plugins/device_info/ios`)
  - Flutter (from `Flutter`)
  - geolocator_apple (from `.symlinks/plugins/geolocator_apple/ios`)
  - location_ios (from `.symlinks/plugins/location_ios/ios`)
  - objectbox_flutter_libs (from `.symlinks/plugins/objectbox_flutter_libs/ios`)
  - package_info_plus (from `.symlinks/plugins/package_info_plus/ios`)
  - path_provider_foundation (from `.symlinks/plugins/path_provider_foundation/ios`)
  - permission_handler_apple (from `.symlinks/plugins/permission_handler_apple/ios`)
  - platform_device_id (from `.symlinks/plugins/platform_device_id/ios`)
  - shared_preferences_foundation (from `.symlinks/plugins/shared_preferences_foundation/ios`)
  - sqflite_sqlcipher (from `.symlinks/plugins/sqflite_sqlcipher/ios`)
  - url_launcher_ios (from `.symlinks/plugins/url_launcher_ios/ios`)

SPEC REPOS:
  trunk:
    - FMDB
    - ObjectBox
    - SQLCipher
    - SwiftLocation

EXTERNAL SOURCES:
  device_info:
    :path: ".symlinks/plugins/device_info/ios"
  Flutter:
    :path: Flutter
  geolocator_apple:
    :path: ".symlinks/plugins/geolocator_apple/ios"
  location_ios:
    :path: ".symlinks/plugins/location_ios/ios"
  objectbox_flutter_libs:
    :path: ".symlinks/plugins/objectbox_flutter_libs/ios"
  package_info_plus:
    :path: ".symlinks/plugins/package_info_plus/ios"
  path_provider_foundation:
    :path: ".symlinks/plugins/path_provider_foundation/ios"
  permission_handler_apple:
    :path: ".symlinks/plugins/permission_handler_apple/ios"
  platform_device_id:
    :path: ".symlinks/plugins/platform_device_id/ios"
  shared_preferences_foundation:
    :path: ".symlinks/plugins/shared_preferences_foundation/ios"
  sqflite_sqlcipher:
    :path: ".symlinks/plugins/sqflite_sqlcipher/ios"
  url_launcher_ios:
    :path: ".symlinks/plugins/url_launcher_ios/ios"

SPEC CHECKSUMS:
  device_info: d7d233b645a32c40dfdc212de5cf646ca482f175
  Flutter: f04841e97a9d0b0a8025694d0796dd46242b2854
  FMDB: 2ce00b547f966261cd18927a3ddb07cb6f3db82a
  geolocator_apple: cc556e6844d508c95df1e87e3ea6fa4e58c50401
  location_ios: e212f211a9ad6ac5a1343a67c87179e4dc0333fe
  ObjectBox: a7900d5335218cd437cbc080b7ccc38a5211f7b4
  objectbox_flutter_libs: 61d74196d924fbc773da5f5757d1e9fab7b3cc78
  package_info_plus: 6c92f08e1f853dc01228d6f553146438dafcd14e
  path_provider_foundation: eaf5b3e458fc0e5fbb9940fb09980e853fe058b8
  permission_handler_apple: 8f116445eff3c0e7c65ad60f5fef5490aa94b4e4
  platform_device_id: 81b3e2993881f87d0c82ef151dc274df4869aef5
  shared_preferences_foundation: e2dae3258e06f44cc55f49d42024fd8dd03c590c
  sqflite_sqlcipher: 70eb7fd8d4f0b0352d0bde5cf345b810737f54bb
  SQLCipher: 1ab0b9486a77d141e72e92ff30681926ed79c07a
  SwiftLocation: 83e0ea75a1969cee3a1197e2b7095603fc23fde5
  url_launcher_ios: 08a3dfac5fb39e8759aeb0abbd5d9480f30fc8b4

PODFILE CHECKSUM: 459a0d1a7c03f1cd528dc711e99708b85910cc58

COCOAPODS: 1.11.3
